
Microsoft Visual Studio Solution File, Format Version 12.00
# Visual Studio Version 16
VisualStudioVersion = 16.0.31624.102
MinimumVisualStudioVersion = 10.0.40219.1
Project("{FAE04EC0-301F-11D3-BF4B-00C04F79EFBC}") = "_1HelloWorld", "_1HelloWorld\_1HelloWorld.csproj", "{C4F5020F-FBA8-4F49-A75A-153B738834D1}"
EndProject
Project("{FAE04EC0-301F-11D3-BF4B-00C04F79EFBC}") = "_2VeriTipleri", "_2VeriTipleri\_2VeriTipleri.csproj", "{4FC86A8B-3BF9-413F-9933-5090EE9A3F2D}"
EndProject
Project("{FAE04EC0-301F-11D3-BF4B-00C04F79EFBC}") = "_3Operatorler", "_3Operatorler\_3Operatorler.csproj", "{84186517-C2C7-4E39-8B45-F0AD6247E3F4}"
EndProject
Project("{2150E333-8FDC-42A3-9474-1A3956D46DE8}") = "Solution Items", "Solution Items", "{6C206DDF-EDC1-458D-8454-0B7426E37E93}"
	ProjectSection(SolutionItems) = preProject
		.editorconfig = .editorconfig
	EndProjectSection
EndProject
Project("{FAE04EC0-301F-11D3-BF4B-00C04F79EFBC}") = "_4TipDonusumleri", "_4TipDonusumleri\_4TipDonusumleri.csproj", "{392773C1-CEA0-4FC4-B72A-C56B2628303E}"
EndProject
Project("{FAE04EC0-301F-11D3-BF4B-00C04F79EFBC}") = "_5KararYapilari", "_5KararYapilari\_5KararYapilari.csproj", "{F7DE35C9-9E55-4631-B3D7-C6ECD3FE5340}"
EndProject
Project("{FAE04EC0-301F-11D3-BF4B-00C04F79EFBC}") = "_6Donguler-While", "_6Donguler-While\_6Donguler-While.csproj", "{F1221C9B-6920-4B3E-A734-A99553D021E0}"
EndProject
Project("{FAE04EC0-301F-11D3-BF4B-00C04F79EFBC}") = "_7Donguler-DoWhile", "_7Donguler-DoWhile\_7Donguler-DoWhile.csproj", "{F582DDD6-838C-4A36-A5C6-0AEAF719DBB0}"
EndProject
Project("{FAE04EC0-301F-11D3-BF4B-00C04F79EFBC}") = "_8Donguler - For", "_8Donguler - For\_8Donguler - For.csproj", "{F370762E-4529-4080-97EB-979452C7AF67}"
EndProject
Project("{FAE04EC0-301F-11D3-BF4B-00C04F79EFBC}") = "_9Diziler", "_9Diziler\_9Diziler.csproj", "{2F7725ED-44FD-470E-8F2B-F5AC0A96C46B}"
EndProject
Project("{FAE04EC0-301F-11D3-BF4B-00C04F79EFBC}") = "_10Donguler-Foreach", "_10Donguler-Foreach\_10Donguler-Foreach.csproj", "{6B6747C8-8B74-482D-85C0-8A16A2BD3378}"
EndProject
Project("{FAE04EC0-301F-11D3-BF4B-00C04F79EFBC}") = "_11SesliHarfUygulaması", "_11SesliHarfUygulaması\_11SesliHarfUygulaması.csproj", "{F936CF76-FB96-47F1-BBF2-F680124A42B9}"
EndProject
Project("{FAE04EC0-301F-11D3-BF4B-00C04F79EFBC}") = "_12Donguler-DizilerUygulaması", "_12Donguler-DizilerUygulaması\_12Donguler-DizilerUygulaması.csproj", "{66947DCC-23B0-4F4E-A929-EBED28796E8A}"
EndProject
Global
	GlobalSection(SolutionConfigurationPlatforms) = preSolution
		Debug|Any CPU = Debug|Any CPU
		Release|Any CPU = Release|Any CPU
	EndGlobalSection
	GlobalSection(ProjectConfigurationPlatforms) = postSolution
		{C4F5020F-FBA8-4F49-A75A-153B738834D1}.Debug|Any CPU.ActiveCfg = Debug|Any CPU
		{C4F5020F-FBA8-4F49-A75A-153B738834D1}.Debug|Any CPU.Build.0 = Debug|Any CPU
		{C4F5020F-FBA8-4F49-A75A-153B738834D1}.Release|Any CPU.ActiveCfg = Release|Any CPU
		{C4F5020F-FBA8-4F49-A75A-153B738834D1}.Release|Any CPU.Build.0 = Release|Any CPU
		{4FC86A8B-3BF9-413F-9933-5090EE9A3F2D}.Debug|Any CPU.ActiveCfg = Debug|Any CPU
		{4FC86A8B-3BF9-413F-9933-5090EE9A3F2D}.Debug|Any CPU.Build.0 = Debug|Any CPU
		{4FC86A8B-3BF9-413F-9933-5090EE9A3F2D}.Release|Any CPU.ActiveCfg = Release|Any CPU
		{4FC86A8B-3BF9-413F-9933-5090EE9A3F2D}.Release|Any CPU.Build.0 = Release|Any CPU
		{84186517-C2C7-4E39-8B45-F0AD6247E3F4}.Debug|Any CPU.ActiveCfg = Debug|Any CPU
		{84186517-C2C7-4E39-8B45-F0AD6247E3F4}.Debug|Any CPU.Build.0 = Debug|Any CPU
		{84186517-C2C7-4E39-8B45-F0AD6247E3F4}.Release|Any CPU.ActiveCfg = Release|Any CPU
		{84186517-C2C7-4E39-8B45-F0AD6247E3F4}.Release|Any CPU.Build.0 = Release|Any CPU
		{392773C1-CEA0-4FC4-B72A-C56B2628303E}.Debug|Any CPU.ActiveCfg = Debug|Any CPU
		{392773C1-CEA0-4FC4-B72A-C56B2628303E}.Debug|Any CPU.Build.0 = Debug|Any CPU
		{392773C1-CEA0-4FC4-B72A-C56B2628303E}.Release|Any CPU.ActiveCfg = Release|Any CPU
		{392773C1-CEA0-4FC4-B72A-C56B2628303E}.Release|Any CPU.Build.0 = Release|Any CPU
		{F7DE35C9-9E55-4631-B3D7-C6ECD3FE5340}.Debug|Any CPU.ActiveCfg = Debug|Any CPU
		{F7DE35C9-9E55-4631-B3D7-C6ECD3FE5340}.Debug|Any CPU.Build.0 = Debug|Any CPU
		{F7DE35C9-9E55-4631-B3D7-C6ECD3FE5340}.Release|Any CPU.ActiveCfg = Release|Any CPU
		{F7DE35C9-9E55-4631-B3D7-C6ECD3FE5340}.Release|Any CPU.Build.0 = Release|Any CPU
		{F1221C9B-6920-4B3E-A734-A99553D021E0}.Debug|Any CPU.ActiveCfg = Debug|Any CPU
		{F1221C9B-6920-4B3E-A734-A99553D021E0}.Debug|Any CPU.Build.0 = Debug|Any CPU
		{F1221C9B-6920-4B3E-A734-A99553D021E0}.Release|Any CPU.ActiveCfg = Release|Any CPU
		{F1221C9B-6920-4B3E-A734-A99553D021E0}.Release|Any CPU.Build.0 = Release|Any CPU
		{F582DDD6-838C-4A36-A5C6-0AEAF719DBB0}.Debug|Any CPU.ActiveCfg = Debug|Any CPU
		{F582DDD6-838C-4A36-A5C6-0AEAF719DBB0}.Debug|Any CPU.Build.0 = Debug|Any CPU
		{F582DDD6-838C-4A36-A5C6-0AEAF719DBB0}.Release|Any CPU.ActiveCfg = Release|Any CPU
		{F582DDD6-838C-4A36-A5C6-0AEAF719DBB0}.Release|Any CPU.Build.0 = Release|Any CPU
		{F370762E-4529-4080-97EB-979452C7AF67}.Debug|Any CPU.ActiveCfg = Debug|Any CPU
		{F370762E-4529-4080-97EB-979452C7AF67}.Debug|Any CPU.Build.0 = Debug|Any CPU
		{F370762E-4529-4080-97EB-979452C7AF67}.Release|Any CPU.ActiveCfg = Release|Any CPU
		{F370762E-4529-4080-97EB-979452C7AF67}.Release|Any CPU.Build.0 = Release|Any CPU
		{2F7725ED-44FD-470E-8F2B-F5AC0A96C46B}.Debug|Any CPU.ActiveCfg = Debug|Any CPU
		{2F7725ED-44FD-470E-8F2B-F5AC0A96C46B}.Debug|Any CPU.Build.0 = Debug|Any CPU
		{2F7725ED-44FD-470E-8F2B-F5AC0A96C46B}.Release|Any CPU.ActiveCfg = Release|Any CPU
		{2F7725ED-44FD-470E-8F2B-F5AC0A96C46B}.Release|Any CPU.Build.0 = Release|Any CPU
		{6B6747C8-8B74-482D-85C0-8A16A2BD3378}.Debug|Any CPU.ActiveCfg = Debug|Any CPU
		{6B6747C8-8B74-482D-85C0-8A16A2BD3378}.Debug|Any CPU.Build.0 = Debug|Any CPU
		{6B6747C8-8B74-482D-85C0-8A16A2BD3378}.Release|Any CPU.ActiveCfg = Release|Any CPU
		{6B6747C8-8B74-482D-85C0-8A16A2BD3378}.Release|Any CPU.Build.0 = Release|Any CPU
		{F936CF76-FB96-47F1-BBF2-F680124A42B9}.Debug|Any CPU.ActiveCfg = Debug|Any CPU
		{F936CF76-FB96-47F1-BBF2-F680124A42B9}.Debug|Any CPU.Build.0 = Debug|Any CPU
		{F936CF76-FB96-47F1-BBF2-F680124A42B9}.Release|Any CPU.ActiveCfg = Release|Any CPU
		{F936CF76-FB96-47F1-BBF2-F680124A42B9}.Release|Any CPU.Build.0 = Release|Any CPU
		{66947DCC-23B0-4F4E-A929-EBED28796E8A}.Debug|Any CPU.ActiveCfg = Debug|Any CPU
		{66947DCC-23B0-4F4E-A929-EBED28796E8A}.Debug|Any CPU.Build.0 = Debug|Any CPU
		{66947DCC-23B0-4F4E-A929-EBED28796E8A}.Release|Any CPU.ActiveCfg = Release|Any CPU
		{66947DCC-23B0-4F4E-A929-EBED28796E8A}.Release|Any CPU.Build.0 = Release|Any CPU
	EndGlobalSection
	GlobalSection(SolutionProperties) = preSolution
		HideSolutionNode = FALSE
	EndGlobalSection
	GlobalSection(ExtensibilityGlobals) = postSolution
		SolutionGuid = {9DDEFA36-CB1C-41BB-9419-19669406377B}
	EndGlobalSection
EndGlobal
